
Microsoft Visual Studio Solution File, Format Version 12.00
# Visual Studio Version 17
VisualStudioVersion = 17.0.31903.59
MinimumVisualStudioVersion = 10.0.40219.1
Project("{9A19103F-16F7-4668-BE54-9A1E7A4F7556}") = "WebApp", "WebApp\WebApp.csproj", "{3B9FFD28-2D20-4CB5-B6E9-65A6F6FA1EB6}"
EndProject
Project("{9A19103F-16F7-4668-BE54-9A1E7A4F7556}") = "ZhaoXi.NET6.AuthenticationCenter", "ZhaoXi.NET6.AuthenticationCenter\ZhaoXi.NET6.AuthenticationCenter.csproj", "{54A172DD-774A-41A9-8860-E06482050DB2}"
EndProject
Project("{9A19103F-16F7-4668-BE54-9A1E7A4F7556}") = "ZhaoXi.NET5.WebApp", "ZhaoXi.NET5.WebApp\ZhaoXi.NET5.WebApp.csproj", "{7C99B121-1135-4BF4-B793-AA925A477C51}"
EndProject
Project("{9A19103F-16F7-4668-BE54-9A1E7A4F7556}") = "ZhaoXi.NET6.WebApp", "ZhaoXi.NET6.WebApp\ZhaoXi.NET6.WebApp.csproj", "{E8F9BA73-9516-4EB9-86F4-272118269EA7}"
EndProject
Project("{FAE04EC0-301F-11D3-BF4B-00C04F79EFBC}") = "ConsoleApp1", "ConsoleApp1\ConsoleApp1.csproj", "{090C74FA-19EC-4FD3-8C89-79EA2F11E622}"
EndProject
Global
	GlobalSection(SolutionConfigurationPlatforms) = preSolution
		Debug|Any CPU = Debug|Any CPU
		Release|Any CPU = Release|Any CPU
	EndGlobalSection
	GlobalSection(ProjectConfigurationPlatforms) = postSolution
		{3B9FFD28-2D20-4CB5-B6E9-65A6F6FA1EB6}.Debug|Any CPU.ActiveCfg = Debug|Any CPU
		{3B9FFD28-2D20-4CB5-B6E9-65A6F6FA1EB6}.Debug|Any CPU.Build.0 = Debug|Any CPU
		{3B9FFD28-2D20-4CB5-B6E9-65A6F6FA1EB6}.Release|Any CPU.ActiveCfg = Release|Any CPU
		{3B9FFD28-2D20-4CB5-B6E9-65A6F6FA1EB6}.Release|Any CPU.Build.0 = Release|Any CPU
		{54A172DD-774A-41A9-8860-E06482050DB2}.Debug|Any CPU.ActiveCfg = Debug|Any CPU
		{54A172DD-774A-41A9-8860-E06482050DB2}.Debug|Any CPU.Build.0 = Debug|Any CPU
		{54A172DD-774A-41A9-8860-E06482050DB2}.Release|Any CPU.ActiveCfg = Release|Any CPU
		{54A172DD-774A-41A9-8860-E06482050DB2}.Release|Any CPU.Build.0 = Release|Any CPU
		{7C99B121-1135-4BF4-B793-AA925A477C51}.Debug|Any CPU.ActiveCfg = Debug|Any CPU
		{7C99B121-1135-4BF4-B793-AA925A477C51}.Debug|Any CPU.Build.0 = Debug|Any CPU
		{7C99B121-1135-4BF4-B793-AA925A477C51}.Release|Any CPU.ActiveCfg = Release|Any CPU
		{7C99B121-1135-4BF4-B793-AA925A477C51}.Release|Any CPU.Build.0 = Release|Any CPU
		{E8F9BA73-9516-4EB9-86F4-272118269EA7}.Debug|Any CPU.ActiveCfg = Debug|Any CPU
		{E8F9BA73-9516-4EB9-86F4-272118269EA7}.Debug|Any CPU.Build.0 = Debug|Any CPU
		{E8F9BA73-9516-4EB9-86F4-272118269EA7}.Release|Any CPU.ActiveCfg = Release|Any CPU
		{E8F9BA73-9516-4EB9-86F4-272118269EA7}.Release|Any CPU.Build.0 = Release|Any CPU
		{090C74FA-19EC-4FD3-8C89-79EA2F11E622}.Debug|Any CPU.ActiveCfg = Debug|Any CPU
		{090C74FA-19EC-4FD3-8C89-79EA2F11E622}.Debug|Any CPU.Build.0 = Debug|Any CPU
		{090C74FA-19EC-4FD3-8C89-79EA2F11E622}.Release|Any CPU.ActiveCfg = Release|Any CPU
		{090C74FA-19EC-4FD3-8C89-79EA2F11E622}.Release|Any CPU.Build.0 = Release|Any CPU
	EndGlobalSection
	GlobalSection(SolutionProperties) = preSolution
		HideSolutionNode = FALSE
	EndGlobalSection
	GlobalSection(ExtensibilityGlobals) = postSolution
		SolutionGuid = {912DC032-5131-4E90-81D0-A3289216E313}
	EndGlobalSection
EndGlobal
